
Microsoft Visual Studio Solution File, Format Version 12.00
# Visual Studio 2012
Project("{FAE04EC0-301F-11D3-BF4B-00C04F79EFBC}") = "TestApp_XS_VersionControl7", "TestApp_XS_VersionControl7\TestApp_XS_VersionControl7.csproj", "{B09DD886-D409-4755-85DC-0D5EF865273C}"
EndProject
Global
	GlobalSection(SolutionConfigurationPlatforms) = preSolution
		Debug|iPhoneSimulator = Debug|iPhoneSimulator
		Release|iPhoneSimulator = Release|iPhoneSimulator
		Debug|iPhone = Debug|iPhone
		Release|iPhone = Release|iPhone
		Ad-Hoc|iPhone = Ad-Hoc|iPhone
		AppStore|iPhone = AppStore|iPhone
	EndGlobalSection
	GlobalSection(ProjectConfigurationPlatforms) = postSolution
		{B09DD886-D409-4755-85DC-0D5EF865273C}.Ad-Hoc|iPhone.ActiveCfg = Ad-Hoc|iPhone
		{B09DD886-D409-4755-85DC-0D5EF865273C}.Ad-Hoc|iPhone.Build.0 = Ad-Hoc|iPhone
		{B09DD886-D409-4755-85DC-0D5EF865273C}.AppStore|iPhone.ActiveCfg = AppStore|iPhone
		{B09DD886-D409-4755-85DC-0D5EF865273C}.AppStore|iPhone.Build.0 = AppStore|iPhone
		{B09DD886-D409-4755-85DC-0D5EF865273C}.Debug|iPhone.ActiveCfg = Debug|iPhone
		{B09DD886-D409-4755-85DC-0D5EF865273C}.Debug|iPhone.Build.0 = Debug|iPhone
		{B09DD886-D409-4755-85DC-0D5EF865273C}.Debug|iPhoneSimulator.ActiveCfg = Debug|iPhoneSimulator
		{B09DD886-D409-4755-85DC-0D5EF865273C}.Debug|iPhoneSimulator.Build.0 = Debug|iPhoneSimulator
		{B09DD886-D409-4755-85DC-0D5EF865273C}.Release|iPhone.ActiveCfg = Release|iPhone
		{B09DD886-D409-4755-85DC-0D5EF865273C}.Release|iPhone.Build.0 = Release|iPhone
		{B09DD886-D409-4755-85DC-0D5EF865273C}.Release|iPhoneSimulator.ActiveCfg = Release|iPhoneSimulator
		{B09DD886-D409-4755-85DC-0D5EF865273C}.Release|iPhoneSimulator.Build.0 = Release|iPhoneSimulator
	EndGlobalSection
	GlobalSection(MonoDevelopProperties) = preSolution
		StartupItem = TestApp_XS_VersionControl7\TestApp_XS_VersionControl7.csproj
	EndGlobalSection
EndGlobal
